
Microsoft Visual Studio Solution File, Format Version 12.00
# Visual Studio Version 17
VisualStudioVersion = 17.13.35919.96
MinimumVisualStudioVersion = 10.0.40219.1
Project("{FAE04EC0-301F-11D3-BF4B-00C04F79EFBC}") = "BootCampProject", "BootCampProject.csproj", "{1E4018DD-7728-439B-9880-00BE736683B4}"
EndProject
Project("{FAE04EC0-301F-11D3-BF4B-00C04F79EFBC}") = "RepasoOOP", "..\RepasoOOP\RepasoOOP.csproj", "{26CD32C3-6837-4DC3-B155-63423108A265}"
EndProject
Project("{FAE04EC0-301F-11D3-BF4B-00C04F79EFBC}") = "Repaso", "Repaso\Repaso.csproj", "{9880386F-F1FC-4363-8CEC-8444CECB942C}"
EndProject
Project("{FAE04EC0-301F-11D3-BF4B-00C04F79EFBC}") = "MusicPlayerApp_OOP", "MusicPlayerApp_OOP\MusicPlayerApp_OOP.csproj", "{7CDFC144-922C-4F55-845C-AB67015E3397}"
EndProject
Project("{FAE04EC0-301F-11D3-BF4B-00C04F79EFBC}") = "InvetaryProject", "InvetaryProject\InvetaryProject.csproj", "{4A88A2D6-2997-42C4-9E7C-20C30A4662CD}"
EndProject
Project("{FAE04EC0-301F-11D3-BF4B-00C04F79EFBC}") = "VirtualWallet", "VirtualWallet\VirtualWallet.csproj", "{60B048E1-D619-49B7-B51E-21D857081FB6}"
EndProject
Project("{FAE04EC0-301F-11D3-BF4B-00C04F79EFBC}") = "TicketService", "TicketService\TicketService.csproj", "{A54513E6-AF90-41FC-950D-C67D4769C39F}"
EndProject
Project("{FAE04EC0-301F-11D3-BF4B-00C04F79EFBC}") = "SolidPrinciples", "SolidPrinciples\SolidPrinciples.csproj", "{D815C862-B024-499E-9C2A-619A39CFD053}"
EndProject
Project("{FAE04EC0-301F-11D3-BF4B-00C04F79EFBC}") = "SolidExamples", "SolidExamples\SolidExamples.csproj", "{450AE523-E98D-47BE-9B31-FC796EDD305A}"
EndProject
Project("{FAE04EC0-301F-11D3-BF4B-00C04F79EFBC}") = "SolidSamples", "SolidSamples\SolidSamples.csproj", "{822E0458-BAFE-4181-8F58-42432486CCBC}"
EndProject
Project("{FAE04EC0-301F-11D3-BF4B-00C04F79EFBC}") = "RetoPrincipiosSolid", "RetoPrincipiosSolid\RetoPrincipiosSolid.csproj", "{41EFA493-2229-4C80-BBB4-6CD900285CBD}"
EndProject
Global
	GlobalSection(SolutionConfigurationPlatforms) = preSolution
		Debug|Any CPU = Debug|Any CPU
		Release|Any CPU = Release|Any CPU
	EndGlobalSection
	GlobalSection(ProjectConfigurationPlatforms) = postSolution
		{1E4018DD-7728-439B-9880-00BE736683B4}.Debug|Any CPU.ActiveCfg = Debug|Any CPU
		{1E4018DD-7728-439B-9880-00BE736683B4}.Debug|Any CPU.Build.0 = Debug|Any CPU
		{1E4018DD-7728-439B-9880-00BE736683B4}.Release|Any CPU.ActiveCfg = Release|Any CPU
		{1E4018DD-7728-439B-9880-00BE736683B4}.Release|Any CPU.Build.0 = Release|Any CPU
		{26CD32C3-6837-4DC3-B155-63423108A265}.Debug|Any CPU.ActiveCfg = Debug|Any CPU
		{26CD32C3-6837-4DC3-B155-63423108A265}.Debug|Any CPU.Build.0 = Debug|Any CPU
		{26CD32C3-6837-4DC3-B155-63423108A265}.Release|Any CPU.ActiveCfg = Release|Any CPU
		{26CD32C3-6837-4DC3-B155-63423108A265}.Release|Any CPU.Build.0 = Release|Any CPU
		{9880386F-F1FC-4363-8CEC-8444CECB942C}.Debug|Any CPU.ActiveCfg = Debug|Any CPU
		{9880386F-F1FC-4363-8CEC-8444CECB942C}.Debug|Any CPU.Build.0 = Debug|Any CPU
		{9880386F-F1FC-4363-8CEC-8444CECB942C}.Release|Any CPU.ActiveCfg = Release|Any CPU
		{9880386F-F1FC-4363-8CEC-8444CECB942C}.Release|Any CPU.Build.0 = Release|Any CPU
		{7CDFC144-922C-4F55-845C-AB67015E3397}.Debug|Any CPU.ActiveCfg = Debug|Any CPU
		{7CDFC144-922C-4F55-845C-AB67015E3397}.Debug|Any CPU.Build.0 = Debug|Any CPU
		{7CDFC144-922C-4F55-845C-AB67015E3397}.Release|Any CPU.ActiveCfg = Release|Any CPU
		{7CDFC144-922C-4F55-845C-AB67015E3397}.Release|Any CPU.Build.0 = Release|Any CPU
		{4A88A2D6-2997-42C4-9E7C-20C30A4662CD}.Debug|Any CPU.ActiveCfg = Debug|Any CPU
		{4A88A2D6-2997-42C4-9E7C-20C30A4662CD}.Debug|Any CPU.Build.0 = Debug|Any CPU
		{4A88A2D6-2997-42C4-9E7C-20C30A4662CD}.Release|Any CPU.ActiveCfg = Release|Any CPU
		{4A88A2D6-2997-42C4-9E7C-20C30A4662CD}.Release|Any CPU.Build.0 = Release|Any CPU
		{60B048E1-D619-49B7-B51E-21D857081FB6}.Debug|Any CPU.ActiveCfg = Debug|Any CPU
		{60B048E1-D619-49B7-B51E-21D857081FB6}.Debug|Any CPU.Build.0 = Debug|Any CPU
		{60B048E1-D619-49B7-B51E-21D857081FB6}.Release|Any CPU.ActiveCfg = Release|Any CPU
		{60B048E1-D619-49B7-B51E-21D857081FB6}.Release|Any CPU.Build.0 = Release|Any CPU
		{A54513E6-AF90-41FC-950D-C67D4769C39F}.Debug|Any CPU.ActiveCfg = Debug|Any CPU
		{A54513E6-AF90-41FC-950D-C67D4769C39F}.Debug|Any CPU.Build.0 = Debug|Any CPU
		{A54513E6-AF90-41FC-950D-C67D4769C39F}.Release|Any CPU.ActiveCfg = Release|Any CPU
		{A54513E6-AF90-41FC-950D-C67D4769C39F}.Release|Any CPU.Build.0 = Release|Any CPU
		{D815C862-B024-499E-9C2A-619A39CFD053}.Debug|Any CPU.ActiveCfg = Debug|Any CPU
		{D815C862-B024-499E-9C2A-619A39CFD053}.Debug|Any CPU.Build.0 = Debug|Any CPU
		{D815C862-B024-499E-9C2A-619A39CFD053}.Release|Any CPU.ActiveCfg = Release|Any CPU
		{D815C862-B024-499E-9C2A-619A39CFD053}.Release|Any CPU.Build.0 = Release|Any CPU
		{450AE523-E98D-47BE-9B31-FC796EDD305A}.Debug|Any CPU.ActiveCfg = Debug|Any CPU
		{450AE523-E98D-47BE-9B31-FC796EDD305A}.Debug|Any CPU.Build.0 = Debug|Any CPU
		{450AE523-E98D-47BE-9B31-FC796EDD305A}.Release|Any CPU.ActiveCfg = Release|Any CPU
		{450AE523-E98D-47BE-9B31-FC796EDD305A}.Release|Any CPU.Build.0 = Release|Any CPU
		{822E0458-BAFE-4181-8F58-42432486CCBC}.Debug|Any CPU.ActiveCfg = Debug|Any CPU
		{822E0458-BAFE-4181-8F58-42432486CCBC}.Debug|Any CPU.Build.0 = Debug|Any CPU
		{822E0458-BAFE-4181-8F58-42432486CCBC}.Release|Any CPU.ActiveCfg = Release|Any CPU
		{822E0458-BAFE-4181-8F58-42432486CCBC}.Release|Any CPU.Build.0 = Release|Any CPU
		{41EFA493-2229-4C80-BBB4-6CD900285CBD}.Debug|Any CPU.ActiveCfg = Debug|Any CPU
		{41EFA493-2229-4C80-BBB4-6CD900285CBD}.Debug|Any CPU.Build.0 = Debug|Any CPU
		{41EFA493-2229-4C80-BBB4-6CD900285CBD}.Release|Any CPU.ActiveCfg = Release|Any CPU
		{41EFA493-2229-4C80-BBB4-6CD900285CBD}.Release|Any CPU.Build.0 = Release|Any CPU
	EndGlobalSection
	GlobalSection(SolutionProperties) = preSolution
		HideSolutionNode = FALSE
	EndGlobalSection
	GlobalSection(ExtensibilityGlobals) = postSolution
		SolutionGuid = {50961B0E-9EC5-47F9-B1FE-EF2180354356}
	EndGlobalSection
EndGlobal
