
Microsoft Visual Studio Solution File, Format Version 12.00
# Visual Studio Version 17
VisualStudioVersion = 17.13.35919.96
MinimumVisualStudioVersion = 10.0.40219.1
Project("{FAE04EC0-301F-11D3-BF4B-00C04F79EFBC}") = "BootCampProject", "BootCampProject.csproj", "{1E4018DD-7728-439B-9880-00BE736683B4}"
EndProject
Project("{FAE04EC0-301F-11D3-BF4B-00C04F79EFBC}") = "RepasoOOP", "..\RepasoOOP\RepasoOOP.csproj", "{26CD32C3-6837-4DC3-B155-63423108A265}"
EndProject
Project("{FAE04EC0-301F-11D3-BF4B-00C04F79EFBC}") = "Repaso", "Repaso\Repaso.csproj", "{9880386F-F1FC-4363-8CEC-8444CECB942C}"
EndProject
Project("{FAE04EC0-301F-11D3-BF4B-00C04F79EFBC}") = "MusicPlayerApp_OOP", "MusicPlayerApp_OOP\MusicPlayerApp_OOP.csproj", "{7CDFC144-922C-4F55-845C-AB67015E3397}"
EndProject
Global
	GlobalSection(SolutionConfigurationPlatforms) = preSolution
		Debug|Any CPU = Debug|Any CPU
		Release|Any CPU = Release|Any CPU
	EndGlobalSection
	GlobalSection(ProjectConfigurationPlatforms) = postSolution
		{1E4018DD-7728-439B-9880-00BE736683B4}.Debug|Any CPU.ActiveCfg = Debug|Any CPU
		{1E4018DD-7728-439B-9880-00BE736683B4}.Debug|Any CPU.Build.0 = Debug|Any CPU
		{1E4018DD-7728-439B-9880-00BE736683B4}.Release|Any CPU.ActiveCfg = Release|Any CPU
		{1E4018DD-7728-439B-9880-00BE736683B4}.Release|Any CPU.Build.0 = Release|Any CPU
		{26CD32C3-6837-4DC3-B155-63423108A265}.Debug|Any CPU.ActiveCfg = Debug|Any CPU
		{26CD32C3-6837-4DC3-B155-63423108A265}.Debug|Any CPU.Build.0 = Debug|Any CPU
		{26CD32C3-6837-4DC3-B155-63423108A265}.Release|Any CPU.ActiveCfg = Release|Any CPU
		{26CD32C3-6837-4DC3-B155-63423108A265}.Release|Any CPU.Build.0 = Release|Any CPU
		{9880386F-F1FC-4363-8CEC-8444CECB942C}.Debug|Any CPU.ActiveCfg = Debug|Any CPU
		{9880386F-F1FC-4363-8CEC-8444CECB942C}.Debug|Any CPU.Build.0 = Debug|Any CPU
		{9880386F-F1FC-4363-8CEC-8444CECB942C}.Release|Any CPU.ActiveCfg = Release|Any CPU
		{9880386F-F1FC-4363-8CEC-8444CECB942C}.Release|Any CPU.Build.0 = Release|Any CPU
		{7CDFC144-922C-4F55-845C-AB67015E3397}.Debug|Any CPU.ActiveCfg = Debug|Any CPU
		{7CDFC144-922C-4F55-845C-AB67015E3397}.Debug|Any CPU.Build.0 = Debug|Any CPU
		{7CDFC144-922C-4F55-845C-AB67015E3397}.Release|Any CPU.ActiveCfg = Release|Any CPU
		{7CDFC144-922C-4F55-845C-AB67015E3397}.Release|Any CPU.Build.0 = Release|Any CPU
	EndGlobalSection
	GlobalSection(SolutionProperties) = preSolution
		HideSolutionNode = FALSE
	EndGlobalSection
	GlobalSection(ExtensibilityGlobals) = postSolution
		SolutionGuid = {50961B0E-9EC5-47F9-B1FE-EF2180354356}
	EndGlobalSection
EndGlobal
